
Microsoft Visual Studio Solution File, Format Version 12.00
# Visual Studio 15
VisualStudioVersion = 15.0.28010.2019
MinimumVisualStudioVersion = 10.0.40219.1
Project("{9A19103F-16F7-4668-BE54-9A1E7A4F7556}") = "SeniorAssistant", "SeniorAssistant\SeniorAssistant.csproj", "{B40911C2-EC1B-470E-A9C0-A07F19B7E165}"
EndProject
Global
	GlobalSection(SolutionConfigurationPlatforms) = preSolution
		Debug|Any CPU = Debug|Any CPU
		Release|Any CPU = Release|Any CPU
	EndGlobalSection
	GlobalSection(ProjectConfigurationPlatforms) = postSolution
		{B40911C2-EC1B-470E-A9C0-A07F19B7E165}.Debug|Any CPU.ActiveCfg = Debug|Any CPU
		{B40911C2-EC1B-470E-A9C0-A07F19B7E165}.Debug|Any CPU.Build.0 = Debug|Any CPU
		{B40911C2-EC1B-470E-A9C0-A07F19B7E165}.Release|Any CPU.ActiveCfg = Release|Any CPU
		{B40911C2-EC1B-470E-A9C0-A07F19B7E165}.Release|Any CPU.Build.0 = Release|Any CPU
	EndGlobalSection
	GlobalSection(SolutionProperties) = preSolution
		HideSolutionNode = FALSE
	EndGlobalSection
	GlobalSection(ExtensibilityGlobals) = postSolution
		SolutionGuid = {D1B29BAD-8DBC-4DAB-B61C-8B20B5C5348E}
	EndGlobalSection
EndGlobal
